
Microsoft Visual Studio Solution File, Format Version 12.00
# Visual Studio Version 17
VisualStudioVersion = 17.3.32811.315
MinimumVisualStudioVersion = 10.0.40219.1
Project("{9A19103F-16F7-4668-BE54-9A1E7A4F7556}") = "HotelManagement.Api", "HotelManagement.Api\HotelManagement.Api.csproj", "{43FBA02E-2B33-435D-8D49-7C98E6750304}"
EndProject
Project("{9A19103F-16F7-4668-BE54-9A1E7A4F7556}") = "HotelManagement.Application", "HotelManagement.Application\HotelManagement.Application.csproj", "{1F93ECEC-F93F-4225-B43E-493B0F9AEF2E}"
EndProject
Project("{9A19103F-16F7-4668-BE54-9A1E7A4F7556}") = "HotelManagement.Core", "HotelManagement.Core\HotelManagement.Core.csproj", "{7833FA6A-6D6A-46FE-B8D9-8F7A0542D62F}"
EndProject
Project("{9A19103F-16F7-4668-BE54-9A1E7A4F7556}") = "HotelManagement.Infrastructure", "HotelManagement.Infrastructure\HotelManagement.Infrastructure.csproj", "{6B027E29-1A2D-4B7C-BA45-A29C23E19C19}"
EndProject
Project("{9A19103F-16F7-4668-BE54-9A1E7A4F7556}") = "HotelManagement.Test", "HotelManagement.Test\HotelManagement.Test.csproj", "{C040F0D1-339C-41B8-B9CB-F5DA545FAF0C}"
EndProject
Project("{9A19103F-16F7-4668-BE54-9A1E7A4F7556}") = "HotelManagement.Services", "HotelManagement.Services\HotelManagement.Services.csproj", "{C7FF70D8-20EF-4FAE-ADFE-49F0249F7F9E}"
EndProject
Global
	GlobalSection(SolutionConfigurationPlatforms) = preSolution
		Debug|Any CPU = Debug|Any CPU
		Release|Any CPU = Release|Any CPU
	EndGlobalSection
	GlobalSection(ProjectConfigurationPlatforms) = postSolution
		{43FBA02E-2B33-435D-8D49-7C98E6750304}.Debug|Any CPU.ActiveCfg = Debug|Any CPU
		{43FBA02E-2B33-435D-8D49-7C98E6750304}.Debug|Any CPU.Build.0 = Debug|Any CPU
		{43FBA02E-2B33-435D-8D49-7C98E6750304}.Release|Any CPU.ActiveCfg = Release|Any CPU
		{43FBA02E-2B33-435D-8D49-7C98E6750304}.Release|Any CPU.Build.0 = Release|Any CPU
		{1F93ECEC-F93F-4225-B43E-493B0F9AEF2E}.Debug|Any CPU.ActiveCfg = Debug|Any CPU
		{1F93ECEC-F93F-4225-B43E-493B0F9AEF2E}.Debug|Any CPU.Build.0 = Debug|Any CPU
		{1F93ECEC-F93F-4225-B43E-493B0F9AEF2E}.Release|Any CPU.ActiveCfg = Release|Any CPU
		{1F93ECEC-F93F-4225-B43E-493B0F9AEF2E}.Release|Any CPU.Build.0 = Release|Any CPU
		{7833FA6A-6D6A-46FE-B8D9-8F7A0542D62F}.Debug|Any CPU.ActiveCfg = Debug|Any CPU
		{7833FA6A-6D6A-46FE-B8D9-8F7A0542D62F}.Debug|Any CPU.Build.0 = Debug|Any CPU
		{7833FA6A-6D6A-46FE-B8D9-8F7A0542D62F}.Release|Any CPU.ActiveCfg = Release|Any CPU
		{7833FA6A-6D6A-46FE-B8D9-8F7A0542D62F}.Release|Any CPU.Build.0 = Release|Any CPU
		{6B027E29-1A2D-4B7C-BA45-A29C23E19C19}.Debug|Any CPU.ActiveCfg = Debug|Any CPU
		{6B027E29-1A2D-4B7C-BA45-A29C23E19C19}.Debug|Any CPU.Build.0 = Debug|Any CPU
		{6B027E29-1A2D-4B7C-BA45-A29C23E19C19}.Release|Any CPU.ActiveCfg = Release|Any CPU
		{6B027E29-1A2D-4B7C-BA45-A29C23E19C19}.Release|Any CPU.Build.0 = Release|Any CPU
		{C040F0D1-339C-41B8-B9CB-F5DA545FAF0C}.Debug|Any CPU.ActiveCfg = Debug|Any CPU
		{C040F0D1-339C-41B8-B9CB-F5DA545FAF0C}.Debug|Any CPU.Build.0 = Debug|Any CPU
		{C040F0D1-339C-41B8-B9CB-F5DA545FAF0C}.Release|Any CPU.ActiveCfg = Release|Any CPU
		{C040F0D1-339C-41B8-B9CB-F5DA545FAF0C}.Release|Any CPU.Build.0 = Release|Any CPU
		{C7FF70D8-20EF-4FAE-ADFE-49F0249F7F9E}.Debug|Any CPU.ActiveCfg = Debug|Any CPU
		{C7FF70D8-20EF-4FAE-ADFE-49F0249F7F9E}.Debug|Any CPU.Build.0 = Debug|Any CPU
		{C7FF70D8-20EF-4FAE-ADFE-49F0249F7F9E}.Release|Any CPU.ActiveCfg = Release|Any CPU
		{C7FF70D8-20EF-4FAE-ADFE-49F0249F7F9E}.Release|Any CPU.Build.0 = Release|Any CPU
	EndGlobalSection
	GlobalSection(SolutionProperties) = preSolution
		HideSolutionNode = FALSE
	EndGlobalSection
	GlobalSection(ExtensibilityGlobals) = postSolution
		SolutionGuid = {545AF105-AD64-4436-ABD2-62477B478054}
	EndGlobalSection
EndGlobal
